// !$*UTF8*$!
{
	archiveVersion = 1;
	classes = {
	};
	objectVersion = 56;
	objects = {

/* Begin PBXBuildFile section */
		280752DA2A228E5D00B00750 /* UserNationalityCollectionViewCell.swift in Sources */ = {isa = PBXBuildFile; fileRef = 280752D82A228E5D00B00750 /* UserNationalityCollectionViewCell.swift */; };
		280752DB2A228E5D00B00750 /* UserNationalityCollectionViewCell.xib in Resources */ = {isa = PBXBuildFile; fileRef = 280752D92A228E5D00B00750 /* UserNationalityCollectionViewCell.xib */; };
		280752DD2A228EA900B00750 /* UserCollectionViewCellContract.swift in Sources */ = {isa = PBXBuildFile; fileRef = 280752DC2A228EA900B00750 /* UserCollectionViewCellContract.swift */; };
		280752E02A22933400B00750 /* UserDateofBirthCollectionViewCell.swift in Sources */ = {isa = PBXBuildFile; fileRef = 280752DE2A22933400B00750 /* UserDateofBirthCollectionViewCell.swift */; };
		280752E12A22933400B00750 /* UserDateofBirthCollectionViewCell.xib in Resources */ = {isa = PBXBuildFile; fileRef = 280752DF2A22933400B00750 /* UserDateofBirthCollectionViewCell.xib */; };
		280752E42A22968C00B00750 /* UserContactCollectionViewCell.swift in Sources */ = {isa = PBXBuildFile; fileRef = 280752E22A22968C00B00750 /* UserContactCollectionViewCell.swift */; };
		280752E52A22968C00B00750 /* UserContactCollectionViewCell.xib in Resources */ = {isa = PBXBuildFile; fileRef = 280752E32A22968C00B00750 /* UserContactCollectionViewCell.xib */; };
		280752E92A229ED200B00750 /* Date+.swift in Sources */ = {isa = PBXBuildFile; fileRef = 280752E82A229ED200B00750 /* Date+.swift */; };
		280752EB2A229F0500B00750 /* String.swift in Sources */ = {isa = PBXBuildFile; fileRef = 280752EA2A229F0500B00750 /* String.swift */; };
		280752ED2A22A56000B00750 /* UserContactModel.swift in Sources */ = {isa = PBXBuildFile; fileRef = 280752EC2A22A56000B00750 /* UserContactModel.swift */; };
		280752EF2A22B17000B00750 /* UserHeaderModel.swift in Sources */ = {isa = PBXBuildFile; fileRef = 280752EE2A22B17000B00750 /* UserHeaderModel.swift */; };
		280752F12A22E2E200B00750 /* EmailServicesEnum.swift in Sources */ = {isa = PBXBuildFile; fileRef = 280752F02A22E2E200B00750 /* EmailServicesEnum.swift */; };
		2857B1F72A202C6C00E8D38D /* UIColor+.swift in Sources */ = {isa = PBXBuildFile; fileRef = 2857B1F62A202C6C00E8D38D /* UIColor+.swift */; };
		2857B1FA2A20396000E8D38D /* Colors.swift in Sources */ = {isa = PBXBuildFile; fileRef = 2857B1F92A20396000E8D38D /* Colors.swift */; };
		2857B1FD2A203BCC00E8D38D /* InsetLabel.swift in Sources */ = {isa = PBXBuildFile; fileRef = 2857B1FC2A203BCC00E8D38D /* InsetLabel.swift */; };
		2857B2022A20409E00E8D38D /* UITextField+.swift in Sources */ = {isa = PBXBuildFile; fileRef = 2857B2012A20409E00E8D38D /* UITextField+.swift */; };
		2857B2042A211E5600E8D38D /* UIViewController+.swift in Sources */ = {isa = PBXBuildFile; fileRef = 2857B2032A211E5600E8D38D /* UIViewController+.swift */; };
		2857B2262A21332500E8D38D /* LoginScreenViewModel.swift in Sources */ = {isa = PBXBuildFile; fileRef = 2857B2252A21332500E8D38D /* LoginScreenViewModel.swift */; };
		2857B2292A21382B00E8D38D /* Observable.swift in Sources */ = {isa = PBXBuildFile; fileRef = 2857B2282A21382B00E8D38D /* Observable.swift */; };
		2857B22B2A215E9D00E8D38D /* LoginRouter.swift in Sources */ = {isa = PBXBuildFile; fileRef = 2857B22A2A215E9D00E8D38D /* LoginRouter.swift */; };
		2857B22D2A215ED300E8D38D /* BaseRoutingProtocol.swift in Sources */ = {isa = PBXBuildFile; fileRef = 2857B22C2A215ED300E8D38D /* BaseRoutingProtocol.swift */; };
		2857B22F2A215FD200E8D38D /* ScreenBuilder.swift in Sources */ = {isa = PBXBuildFile; fileRef = 2857B22E2A215FD200E8D38D /* ScreenBuilder.swift */; };
		2857B2322A216F0800E8D38D /* Populatable.swift in Sources */ = {isa = PBXBuildFile; fileRef = 2857B2312A216F0800E8D38D /* Populatable.swift */; };
		2857B2342A21713E00E8D38D /* UIImageView+.swift in Sources */ = {isa = PBXBuildFile; fileRef = 2857B2332A21713E00E8D38D /* UIImageView+.swift */; };
		2857B2362A21789100E8D38D /* UITableView+.swift in Sources */ = {isa = PBXBuildFile; fileRef = 2857B2352A21789100E8D38D /* UITableView+.swift */; };
		2857B23A2A2187D100E8D38D /* UIApplication+.swift in Sources */ = {isa = PBXBuildFile; fileRef = 2857B2392A2187D100E8D38D /* UIApplication+.swift */; };
		2857B23C2A218FBE00E8D38D /* BaseRefreshControl.swift in Sources */ = {isa = PBXBuildFile; fileRef = 2857B23B2A218FBE00E8D38D /* BaseRefreshControl.swift */; };
		2857B23E2A2192F900E8D38D /* DetailScreenViewController.swift in Sources */ = {isa = PBXBuildFile; fileRef = 2857B23D2A2192F900E8D38D /* DetailScreenViewController.swift */; };
		2857B2472A2236AC00E8D38D /* UserTableViewCell.swift in Sources */ = {isa = PBXBuildFile; fileRef = 2857B2452A2236AC00E8D38D /* UserTableViewCell.swift */; };
		2857B2482A2236AC00E8D38D /* UserTableViewCell.xib in Resources */ = {isa = PBXBuildFile; fileRef = 2857B2462A2236AC00E8D38D /* UserTableViewCell.xib */; };
		2857B24D2A22406500E8D38D /* UserProfileHeaderCollectionReusableView.swift in Sources */ = {isa = PBXBuildFile; fileRef = 2857B24B2A22406500E8D38D /* UserProfileHeaderCollectionReusableView.swift */; };
		2857B24E2A22406500E8D38D /* UserProfileHeaderCollectionReusableView.xib in Resources */ = {isa = PBXBuildFile; fileRef = 2857B24C2A22406500E8D38D /* UserProfileHeaderCollectionReusableView.xib */; };
		2857B2502A22489C00E8D38D /* UICollectionView+.swift in Sources */ = {isa = PBXBuildFile; fileRef = 2857B24F2A22489C00E8D38D /* UICollectionView+.swift */; };
		2857B2532A224F3100E8D38D /* UserLocationCollectionViewCell.swift in Sources */ = {isa = PBXBuildFile; fileRef = 2857B2512A224F3100E8D38D /* UserLocationCollectionViewCell.swift */; };
		2857B2542A224F3100E8D38D /* UserLocationCollectionViewCell.xib in Resources */ = {isa = PBXBuildFile; fileRef = 2857B2522A224F3100E8D38D /* UserLocationCollectionViewCell.xib */; };
		2857B2562A224F4300E8D38D /* DetailScreenViewModel.swift in Sources */ = {isa = PBXBuildFile; fileRef = 2857B2552A224F4300E8D38D /* DetailScreenViewModel.swift */; };
		2857B2582A224F4B00E8D38D /* DetailScreenRouter.swift in Sources */ = {isa = PBXBuildFile; fileRef = 2857B2572A224F4B00E8D38D /* DetailScreenRouter.swift */; };
		2857B25A2A2254E300E8D38D /* CountryCodeEnum.swift in Sources */ = {isa = PBXBuildFile; fileRef = 2857B2592A2254E300E8D38D /* CountryCodeEnum.swift */; };
		28F0CD4F2A1FA7A70055B1EE /* AppDelegate.swift in Sources */ = {isa = PBXBuildFile; fileRef = 28F0CD4E2A1FA7A70055B1EE /* AppDelegate.swift */; };
		28F0CD582A1FA7A80055B1EE /* Assets.xcassets in Resources */ = {isa = PBXBuildFile; fileRef = 28F0CD572A1FA7A80055B1EE /* Assets.xcassets */; };
		28F0CD5B2A1FA7A80055B1EE /* LaunchScreen.storyboard in Resources */ = {isa = PBXBuildFile; fileRef = 28F0CD592A1FA7A80055B1EE /* LaunchScreen.storyboard */; };
		28F0CD642A1FA9C20055B1EE /* Alamofire in Frameworks */ = {isa = PBXBuildFile; productRef = 28F0CD632A1FA9C20055B1EE /* Alamofire */; };
		28F0CD672A1FAAAD0055B1EE /* PromiseKit in Frameworks */ = {isa = PBXBuildFile; productRef = 28F0CD662A1FAAAD0055B1EE /* PromiseKit */; };
		28F0CD6A2A1FAB770055B1EE /* Realm in Frameworks */ = {isa = PBXBuildFile; productRef = 28F0CD692A1FAB770055B1EE /* Realm */; };
		28F0CD6C2A1FAB770055B1EE /* RealmSwift in Frameworks */ = {isa = PBXBuildFile; productRef = 28F0CD6B2A1FAB770055B1EE /* RealmSwift */; };
		28F0CD752A1FAF1D0055B1EE /* UserProvider.swift in Sources */ = {isa = PBXBuildFile; fileRef = 28F0CD742A1FAF1D0055B1EE /* UserProvider.swift */; };
		28F0CD772A1FAF240055B1EE /* UserAPI.swift in Sources */ = {isa = PBXBuildFile; fileRef = 28F0CD762A1FAF240055B1EE /* UserAPI.swift */; };
		28F0CD7C2A1FAF5C0055B1EE /* InfoResponseModel.swift in Sources */ = {isa = PBXBuildFile; fileRef = 28F0CD7B2A1FAF5C0055B1EE /* InfoResponseModel.swift */; };
		28F0CD7E2A1FAFAF0055B1EE /* UserResponseModel.swift in Sources */ = {isa = PBXBuildFile; fileRef = 28F0CD7D2A1FAFAF0055B1EE /* UserResponseModel.swift */; };
		28F0CD802A1FB02F0055B1EE /* NameResponseModel.swift in Sources */ = {isa = PBXBuildFile; fileRef = 28F0CD7F2A1FB02F0055B1EE /* NameResponseModel.swift */; };
		28F0CD832A1FB08E0055B1EE /* LocationResponseModel.swift in Sources */ = {isa = PBXBuildFile; fileRef = 28F0CD822A1FB08E0055B1EE /* LocationResponseModel.swift */; };
		28F0CD852A1FB0A30055B1EE /* StreetResponseModel.swift in Sources */ = {isa = PBXBuildFile; fileRef = 28F0CD842A1FB0A30055B1EE /* StreetResponseModel.swift */; };
		28F0CD872A1FB10C0055B1EE /* CoordinateResponseModel.swift in Sources */ = {isa = PBXBuildFile; fileRef = 28F0CD862A1FB10C0055B1EE /* CoordinateResponseModel.swift */; };
		28F0CD892A1FB1470055B1EE /* TimezoneResponseModel.swift in Sources */ = {isa = PBXBuildFile; fileRef = 28F0CD882A1FB1470055B1EE /* TimezoneResponseModel.swift */; };
		28F0CD8C2A1FB1EA0055B1EE /* ResultsResponseModel.swift in Sources */ = {isa = PBXBuildFile; fileRef = 28F0CD8B2A1FB1EA0055B1EE /* ResultsResponseModel.swift */; };
		28F0CD912A1FB2710055B1EE /* LoginResponseModel.swift in Sources */ = {isa = PBXBuildFile; fileRef = 28F0CD902A1FB2710055B1EE /* LoginResponseModel.swift */; };
		28F0CD932A1FB2D60055B1EE /* RegisteredResponseModel.swift in Sources */ = {isa = PBXBuildFile; fileRef = 28F0CD922A1FB2D60055B1EE /* RegisteredResponseModel.swift */; };
		28F0CD952A1FB34B0055B1EE /* IDResponseModel.swift in Sources */ = {isa = PBXBuildFile; fileRef = 28F0CD942A1FB34B0055B1EE /* IDResponseModel.swift */; };
		28F0CD972A1FB3890055B1EE /* PictureResponseModel.swift in Sources */ = {isa = PBXBuildFile; fileRef = 28F0CD962A1FB3890055B1EE /* PictureResponseModel.swift */; };
		28F0CD9A2A1FB7CE0055B1EE /* Kingfisher in Frameworks */ = {isa = PBXBuildFile; productRef = 28F0CD992A1FB7CE0055B1EE /* Kingfisher */; };
		28F0CD9E2A1FB8AC0055B1EE /* Service.swift in Sources */ = {isa = PBXBuildFile; fileRef = 28F0CD9D2A1FB8AC0055B1EE /* Service.swift */; };
		28F0CDA12A1FB9DF0055B1EE /* ResultsRequestModel.swift in Sources */ = {isa = PBXBuildFile; fileRef = 28F0CDA02A1FB9DF0055B1EE /* ResultsRequestModel.swift */; };
		28F0CDA32A1FBA4E0055B1EE /* NetworkRequestable.swift in Sources */ = {isa = PBXBuildFile; fileRef = 28F0CDA22A1FBA4E0055B1EE /* NetworkRequestable.swift */; };
		28F0CDA52A1FBAA90055B1EE /* BaseDecodable+.swift in Sources */ = {isa = PBXBuildFile; fileRef = 28F0CDA42A1FBAA90055B1EE /* BaseDecodable+.swift */; };
		28F0CDA72A1FC1C00055B1EE /* Encodable+.swift in Sources */ = {isa = PBXBuildFile; fileRef = 28F0CDA62A1FC1C00055B1EE /* Encodable+.swift */; };
		28F0CDAA2A2005F90055B1EE /* MainScreenViewModel.swift in Sources */ = {isa = PBXBuildFile; fileRef = 28F0CDA92A2005F90055B1EE /* MainScreenViewModel.swift */; };
		28F0CDAC2A2006010055B1EE /* MainScreenViewController.swift in Sources */ = {isa = PBXBuildFile; fileRef = 28F0CDAB2A2006010055B1EE /* MainScreenViewController.swift */; };
		28F0CDAE2A2006080055B1EE /* MainScreenRouter.swift in Sources */ = {isa = PBXBuildFile; fileRef = 28F0CDAD2A2006080055B1EE /* MainScreenRouter.swift */; };
		28F0CDB82A2009EA0055B1EE /* LoginScreenViewController.swift in Sources */ = {isa = PBXBuildFile; fileRef = 28F0CDB62A2009EA0055B1EE /* LoginScreenViewController.swift */; };
		28F0CDB92A2009EA0055B1EE /* LoginScreenViewController.xib in Resources */ = {isa = PBXBuildFile; fileRef = 28F0CDB72A2009EA0055B1EE /* LoginScreenViewController.xib */; };
		28F0CDD42A2019C00055B1EE /* UIView+.swift in Sources */ = {isa = PBXBuildFile; fileRef = 28F0CDD32A2019C00055B1EE /* UIView+.swift */; };
		28F0CDD62A201A200055B1EE /* SlidingTextField.swift in Sources */ = {isa = PBXBuildFile; fileRef = 28F0CDD52A201A200055B1EE /* SlidingTextField.swift */; };
		28F0CDD82A201B3D0055B1EE /* SlidingTextField.xib in Resources */ = {isa = PBXBuildFile; fileRef = 28F0CDD72A201B3D0055B1EE /* SlidingTextField.xib */; };
/* End PBXBuildFile section */

/* Begin PBXFileReference section */
		280752D82A228E5D00B00750 /* UserNationalityCollectionViewCell.swift */ = {isa = PBXFileReference; lastKnownFileType = sourcecode.swift; path = UserNationalityCollectionViewCell.swift; sourceTree = "<group>"; };
		280752D92A228E5D00B00750 /* UserNationalityCollectionViewCell.xib */ = {isa = PBXFileReference; lastKnownFileType = file.xib; path = UserNationalityCollectionViewCell.xib; sourceTree = "<group>"; };
		280752DC2A228EA900B00750 /* UserCollectionViewCellContract.swift */ = {isa = PBXFileReference; lastKnownFileType = sourcecode.swift; path = UserCollectionViewCellContract.swift; sourceTree = "<group>"; };
		280752DE2A22933400B00750 /* UserDateofBirthCollectionViewCell.swift */ = {isa = PBXFileReference; lastKnownFileType = sourcecode.swift; path = UserDateofBirthCollectionViewCell.swift; sourceTree = "<group>"; };
		280752DF2A22933400B00750 /* UserDateofBirthCollectionViewCell.xib */ = {isa = PBXFileReference; lastKnownFileType = file.xib; path = UserDateofBirthCollectionViewCell.xib; sourceTree = "<group>"; };
		280752E22A22968C00B00750 /* UserContactCollectionViewCell.swift */ = {isa = PBXFileReference; lastKnownFileType = sourcecode.swift; path = UserContactCollectionViewCell.swift; sourceTree = "<group>"; };
		280752E32A22968C00B00750 /* UserContactCollectionViewCell.xib */ = {isa = PBXFileReference; lastKnownFileType = file.xib; path = UserContactCollectionViewCell.xib; sourceTree = "<group>"; };
		280752E82A229ED200B00750 /* Date+.swift */ = {isa = PBXFileReference; lastKnownFileType = sourcecode.swift; path = "Date+.swift"; sourceTree = "<group>"; };
		280752EA2A229F0500B00750 /* String.swift */ = {isa = PBXFileReference; lastKnownFileType = sourcecode.swift; path = String.swift; sourceTree = "<group>"; };
		280752EC2A22A56000B00750 /* UserContactModel.swift */ = {isa = PBXFileReference; lastKnownFileType = sourcecode.swift; path = UserContactModel.swift; sourceTree = "<group>"; };
		280752EE2A22B17000B00750 /* UserHeaderModel.swift */ = {isa = PBXFileReference; lastKnownFileType = sourcecode.swift; path = UserHeaderModel.swift; sourceTree = "<group>"; };
		280752F02A22E2E200B00750 /* EmailServicesEnum.swift */ = {isa = PBXFileReference; lastKnownFileType = sourcecode.swift; path = EmailServicesEnum.swift; sourceTree = "<group>"; };
		2857B1F62A202C6C00E8D38D /* UIColor+.swift */ = {isa = PBXFileReference; lastKnownFileType = sourcecode.swift; path = "UIColor+.swift"; sourceTree = "<group>"; };
		2857B1F92A20396000E8D38D /* Colors.swift */ = {isa = PBXFileReference; lastKnownFileType = sourcecode.swift; path = Colors.swift; sourceTree = "<group>"; };
		2857B1FC2A203BCC00E8D38D /* InsetLabel.swift */ = {isa = PBXFileReference; lastKnownFileType = sourcecode.swift; path = InsetLabel.swift; sourceTree = "<group>"; };
		2857B2012A20409E00E8D38D /* UITextField+.swift */ = {isa = PBXFileReference; lastKnownFileType = sourcecode.swift; path = "UITextField+.swift"; sourceTree = "<group>"; };
		2857B2032A211E5600E8D38D /* UIViewController+.swift */ = {isa = PBXFileReference; lastKnownFileType = sourcecode.swift; path = "UIViewController+.swift"; sourceTree = "<group>"; };
		2857B2252A21332500E8D38D /* LoginScreenViewModel.swift */ = {isa = PBXFileReference; lastKnownFileType = sourcecode.swift; path = LoginScreenViewModel.swift; sourceTree = "<group>"; };
		2857B2282A21382B00E8D38D /* Observable.swift */ = {isa = PBXFileReference; lastKnownFileType = sourcecode.swift; path = Observable.swift; sourceTree = "<group>"; };
		2857B22A2A215E9D00E8D38D /* LoginRouter.swift */ = {isa = PBXFileReference; lastKnownFileType = sourcecode.swift; path = LoginRouter.swift; sourceTree = "<group>"; };
		2857B22C2A215ED300E8D38D /* BaseRoutingProtocol.swift */ = {isa = PBXFileReference; lastKnownFileType = sourcecode.swift; path = BaseRoutingProtocol.swift; sourceTree = "<group>"; };
		2857B22E2A215FD200E8D38D /* ScreenBuilder.swift */ = {isa = PBXFileReference; lastKnownFileType = sourcecode.swift; path = ScreenBuilder.swift; sourceTree = "<group>"; };
		2857B2312A216F0800E8D38D /* Populatable.swift */ = {isa = PBXFileReference; lastKnownFileType = sourcecode.swift; path = Populatable.swift; sourceTree = "<group>"; };
		2857B2332A21713E00E8D38D /* UIImageView+.swift */ = {isa = PBXFileReference; lastKnownFileType = sourcecode.swift; path = "UIImageView+.swift"; sourceTree = "<group>"; };
		2857B2352A21789100E8D38D /* UITableView+.swift */ = {isa = PBXFileReference; lastKnownFileType = sourcecode.swift; path = "UITableView+.swift"; sourceTree = "<group>"; };
		2857B2392A2187D100E8D38D /* UIApplication+.swift */ = {isa = PBXFileReference; lastKnownFileType = sourcecode.swift; path = "UIApplication+.swift"; sourceTree = "<group>"; };
		2857B23B2A218FBE00E8D38D /* BaseRefreshControl.swift */ = {isa = PBXFileReference; lastKnownFileType = sourcecode.swift; path = BaseRefreshControl.swift; sourceTree = "<group>"; };
		2857B23D2A2192F900E8D38D /* DetailScreenViewController.swift */ = {isa = PBXFileReference; lastKnownFileType = sourcecode.swift; path = DetailScreenViewController.swift; sourceTree = "<group>"; };
		2857B2452A2236AC00E8D38D /* UserTableViewCell.swift */ = {isa = PBXFileReference; fileEncoding = 4; lastKnownFileType = sourcecode.swift; path = UserTableViewCell.swift; sourceTree = "<group>"; };
		2857B2462A2236AC00E8D38D /* UserTableViewCell.xib */ = {isa = PBXFileReference; fileEncoding = 4; lastKnownFileType = file.xib; path = UserTableViewCell.xib; sourceTree = "<group>"; };
		2857B24B2A22406500E8D38D /* UserProfileHeaderCollectionReusableView.swift */ = {isa = PBXFileReference; lastKnownFileType = sourcecode.swift; path = UserProfileHeaderCollectionReusableView.swift; sourceTree = "<group>"; };
		2857B24C2A22406500E8D38D /* UserProfileHeaderCollectionReusableView.xib */ = {isa = PBXFileReference; lastKnownFileType = file.xib; path = UserProfileHeaderCollectionReusableView.xib; sourceTree = "<group>"; };
		2857B24F2A22489C00E8D38D /* UICollectionView+.swift */ = {isa = PBXFileReference; lastKnownFileType = sourcecode.swift; path = "UICollectionView+.swift"; sourceTree = "<group>"; };
		2857B2512A224F3100E8D38D /* UserLocationCollectionViewCell.swift */ = {isa = PBXFileReference; lastKnownFileType = sourcecode.swift; path = UserLocationCollectionViewCell.swift; sourceTree = "<group>"; };
		2857B2522A224F3100E8D38D /* UserLocationCollectionViewCell.xib */ = {isa = PBXFileReference; lastKnownFileType = file.xib; path = UserLocationCollectionViewCell.xib; sourceTree = "<group>"; };
		2857B2552A224F4300E8D38D /* DetailScreenViewModel.swift */ = {isa = PBXFileReference; lastKnownFileType = sourcecode.swift; path = DetailScreenViewModel.swift; sourceTree = "<group>"; };
		2857B2572A224F4B00E8D38D /* DetailScreenRouter.swift */ = {isa = PBXFileReference; lastKnownFileType = sourcecode.swift; path = DetailScreenRouter.swift; sourceTree = "<group>"; };
		2857B2592A2254E300E8D38D /* CountryCodeEnum.swift */ = {isa = PBXFileReference; lastKnownFileType = sourcecode.swift; path = CountryCodeEnum.swift; sourceTree = "<group>"; };
		28F0CD4B2A1FA7A70055B1EE /* FacebookFriends.app */ = {isa = PBXFileReference; explicitFileType = wrapper.application; includeInIndex = 0; path = FacebookFriends.app; sourceTree = BUILT_PRODUCTS_DIR; };
		28F0CD4E2A1FA7A70055B1EE /* AppDelegate.swift */ = {isa = PBXFileReference; lastKnownFileType = sourcecode.swift; path = AppDelegate.swift; sourceTree = "<group>"; };
		28F0CD572A1FA7A80055B1EE /* Assets.xcassets */ = {isa = PBXFileReference; lastKnownFileType = folder.assetcatalog; path = Assets.xcassets; sourceTree = "<group>"; };
		28F0CD5A2A1FA7A80055B1EE /* Base */ = {isa = PBXFileReference; lastKnownFileType = file.storyboard; name = Base; path = Base.lproj/LaunchScreen.storyboard; sourceTree = "<group>"; };
		28F0CD5C2A1FA7A80055B1EE /* Info.plist */ = {isa = PBXFileReference; lastKnownFileType = text.plist.xml; path = Info.plist; sourceTree = "<group>"; };
		28F0CD742A1FAF1D0055B1EE /* UserProvider.swift */ = {isa = PBXFileReference; lastKnownFileType = sourcecode.swift; path = UserProvider.swift; sourceTree = "<group>"; };
		28F0CD762A1FAF240055B1EE /* UserAPI.swift */ = {isa = PBXFileReference; lastKnownFileType = sourcecode.swift; path = UserAPI.swift; sourceTree = "<group>"; };
		28F0CD7B2A1FAF5C0055B1EE /* InfoResponseModel.swift */ = {isa = PBXFileReference; lastKnownFileType = sourcecode.swift; path = InfoResponseModel.swift; sourceTree = "<group>"; };
		28F0CD7D2A1FAFAF0055B1EE /* UserResponseModel.swift */ = {isa = PBXFileReference; lastKnownFileType = sourcecode.swift; path = UserResponseModel.swift; sourceTree = "<group>"; };
		28F0CD7F2A1FB02F0055B1EE /* NameResponseModel.swift */ = {isa = PBXFileReference; lastKnownFileType = sourcecode.swift; path = NameResponseModel.swift; sourceTree = "<group>"; };
		28F0CD822A1FB08E0055B1EE /* LocationResponseModel.swift */ = {isa = PBXFileReference; lastKnownFileType = sourcecode.swift; path = LocationResponseModel.swift; sourceTree = "<group>"; };
		28F0CD842A1FB0A30055B1EE /* StreetResponseModel.swift */ = {isa = PBXFileReference; lastKnownFileType = sourcecode.swift; path = StreetResponseModel.swift; sourceTree = "<group>"; };
		28F0CD862A1FB10C0055B1EE /* CoordinateResponseModel.swift */ = {isa = PBXFileReference; lastKnownFileType = sourcecode.swift; path = CoordinateResponseModel.swift; sourceTree = "<group>"; };
		28F0CD882A1FB1470055B1EE /* TimezoneResponseModel.swift */ = {isa = PBXFileReference; lastKnownFileType = sourcecode.swift; path = TimezoneResponseModel.swift; sourceTree = "<group>"; };
		28F0CD8B2A1FB1EA0055B1EE /* ResultsResponseModel.swift */ = {isa = PBXFileReference; lastKnownFileType = sourcecode.swift; path = ResultsResponseModel.swift; sourceTree = "<group>"; };
		28F0CD902A1FB2710055B1EE /* LoginResponseModel.swift */ = {isa = PBXFileReference; lastKnownFileType = sourcecode.swift; path = LoginResponseModel.swift; sourceTree = "<group>"; };
		28F0CD922A1FB2D60055B1EE /* RegisteredResponseModel.swift */ = {isa = PBXFileReference; lastKnownFileType = sourcecode.swift; path = RegisteredResponseModel.swift; sourceTree = "<group>"; };
		28F0CD942A1FB34B0055B1EE /* IDResponseModel.swift */ = {isa = PBXFileReference; lastKnownFileType = sourcecode.swift; path = IDResponseModel.swift; sourceTree = "<group>"; };
		28F0CD962A1FB3890055B1EE /* PictureResponseModel.swift */ = {isa = PBXFileReference; lastKnownFileType = sourcecode.swift; path = PictureResponseModel.swift; sourceTree = "<group>"; };
		28F0CD9D2A1FB8AC0055B1EE /* Service.swift */ = {isa = PBXFileReference; lastKnownFileType = sourcecode.swift; path = Service.swift; sourceTree = "<group>"; };
		28F0CDA02A1FB9DF0055B1EE /* ResultsRequestModel.swift */ = {isa = PBXFileReference; lastKnownFileType = sourcecode.swift; path = ResultsRequestModel.swift; sourceTree = "<group>"; };
		28F0CDA22A1FBA4E0055B1EE /* NetworkRequestable.swift */ = {isa = PBXFileReference; lastKnownFileType = sourcecode.swift; path = NetworkRequestable.swift; sourceTree = "<group>"; };
		28F0CDA42A1FBAA90055B1EE /* BaseDecodable+.swift */ = {isa = PBXFileReference; lastKnownFileType = sourcecode.swift; path = "BaseDecodable+.swift"; sourceTree = "<group>"; };
		28F0CDA62A1FC1C00055B1EE /* Encodable+.swift */ = {isa = PBXFileReference; lastKnownFileType = sourcecode.swift; path = "Encodable+.swift"; sourceTree = "<group>"; };
		28F0CDA92A2005F90055B1EE /* MainScreenViewModel.swift */ = {isa = PBXFileReference; lastKnownFileType = sourcecode.swift; path = MainScreenViewModel.swift; sourceTree = "<group>"; };
		28F0CDAB2A2006010055B1EE /* MainScreenViewController.swift */ = {isa = PBXFileReference; lastKnownFileType = sourcecode.swift; path = MainScreenViewController.swift; sourceTree = "<group>"; };
		28F0CDAD2A2006080055B1EE /* MainScreenRouter.swift */ = {isa = PBXFileReference; lastKnownFileType = sourcecode.swift; path = MainScreenRouter.swift; sourceTree = "<group>"; };
		28F0CDB62A2009EA0055B1EE /* LoginScreenViewController.swift */ = {isa = PBXFileReference; lastKnownFileType = sourcecode.swift; path = LoginScreenViewController.swift; sourceTree = "<group>"; };
		28F0CDB72A2009EA0055B1EE /* LoginScreenViewController.xib */ = {isa = PBXFileReference; lastKnownFileType = file.xib; path = LoginScreenViewController.xib; sourceTree = "<group>"; };
		28F0CDD32A2019C00055B1EE /* UIView+.swift */ = {isa = PBXFileReference; lastKnownFileType = sourcecode.swift; path = "UIView+.swift"; sourceTree = "<group>"; };
		28F0CDD52A201A200055B1EE /* SlidingTextField.swift */ = {isa = PBXFileReference; lastKnownFileType = sourcecode.swift; path = SlidingTextField.swift; sourceTree = "<group>"; };
		28F0CDD72A201B3D0055B1EE /* SlidingTextField.xib */ = {isa = PBXFileReference; lastKnownFileType = file.xib; path = SlidingTextField.xib; sourceTree = "<group>"; };
/* End PBXFileReference section */

/* Begin PBXFrameworksBuildPhase section */
		28F0CD482A1FA7A70055B1EE /* Frameworks */ = {
			isa = PBXFrameworksBuildPhase;
			buildActionMask = 2147483647;
			files = (
				28F0CD6C2A1FAB770055B1EE /* RealmSwift in Frameworks */,
				28F0CD6A2A1FAB770055B1EE /* Realm in Frameworks */,
				28F0CD642A1FA9C20055B1EE /* Alamofire in Frameworks */,
				28F0CD672A1FAAAD0055B1EE /* PromiseKit in Frameworks */,
				28F0CD9A2A1FB7CE0055B1EE /* Kingfisher in Frameworks */,
			);
			runOnlyForDeploymentPostprocessing = 0;
		};
/* End PBXFrameworksBuildPhase section */

/* Begin PBXGroup section */
		280752D42A2258D500B00750 /* UserLocation */ = {
			isa = PBXGroup;
			children = (
				2857B2522A224F3100E8D38D /* UserLocationCollectionViewCell.xib */,
				2857B2512A224F3100E8D38D /* UserLocationCollectionViewCell.swift */,
			);
			path = UserLocation;
			sourceTree = "<group>";
		};
		280752D52A2258E000B00750 /* UserContact */ = {
			isa = PBXGroup;
			children = (
				280752EC2A22A56000B00750 /* UserContactModel.swift */,
				280752E32A22968C00B00750 /* UserContactCollectionViewCell.xib */,
				280752E22A22968C00B00750 /* UserContactCollectionViewCell.swift */,
			);
			path = UserContact;
			sourceTree = "<group>";
		};
		280752D62A22874E00B00750 /* UserNationality */ = {
			isa = PBXGroup;
			children = (
				280752D92A228E5D00B00750 /* UserNationalityCollectionViewCell.xib */,
				280752D82A228E5D00B00750 /* UserNationalityCollectionViewCell.swift */,
			);
			path = UserNationality;
			sourceTree = "<group>";
		};
		280752D72A22878100B00750 /* UserDateofBirth */ = {
			isa = PBXGroup;
			children = (
				280752DF2A22933400B00750 /* UserDateofBirthCollectionViewCell.xib */,
				280752DE2A22933400B00750 /* UserDateofBirthCollectionViewCell.swift */,
			);
			path = UserDateofBirth;
			sourceTree = "<group>";
		};
		2857B1F82A20395400E8D38D /* CustomViews */ = {
			isa = PBXGroup;
			children = (
				2857B1FB2A203BC300E8D38D /* InsetLabel */,
				28F0CDB52A2009B40055B1EE /* SlidingTextfield */,
				2857B25F2A22586400E8D38D /* InformationView */,
			);
			path = CustomViews;
			sourceTree = "<group>";
		};
		2857B1FB2A203BC300E8D38D /* InsetLabel */ = {
			isa = PBXGroup;
			children = (
				2857B1FC2A203BCC00E8D38D /* InsetLabel.swift */,
			);
			path = InsetLabel;
			sourceTree = "<group>";
		};
		2857B2272A2137F100E8D38D /* Utils */ = {
			isa = PBXGroup;
			children = (
				2857B2282A21382B00E8D38D /* Observable.swift */,
				2857B22C2A215ED300E8D38D /* BaseRoutingProtocol.swift */,
				2857B22E2A215FD200E8D38D /* ScreenBuilder.swift */,
				2857B2312A216F0800E8D38D /* Populatable.swift */,
				2857B23B2A218FBE00E8D38D /* BaseRefreshControl.swift */,
			);
			path = Utils;
			sourceTree = "<group>";
		};
		2857B2302A216ED000E8D38D /* DetailScreen */ = {
			isa = PBXGroup;
			children = (
				2857B24A2A22402100E8D38D /* CollectionViewHeader */,
				2857B2492A22401800E8D38D /* CollectionViewCells */,
				2857B23D2A2192F900E8D38D /* DetailScreenViewController.swift */,
				2857B2552A224F4300E8D38D /* DetailScreenViewModel.swift */,
				2857B2572A224F4B00E8D38D /* DetailScreenRouter.swift */,
			);
			path = DetailScreen;
			sourceTree = "<group>";
		};
		2857B2442A22364000E8D38D /* UserTableViewCell */ = {
			isa = PBXGroup;
			children = (
				2857B2462A2236AC00E8D38D /* UserTableViewCell.xib */,
				2857B2452A2236AC00E8D38D /* UserTableViewCell.swift */,
			);
			path = UserTableViewCell;
			sourceTree = "<group>";
		};
		2857B2492A22401800E8D38D /* CollectionViewCells */ = {
			isa = PBXGroup;
			children = (
				280752DC2A228EA900B00750 /* UserCollectionViewCellContract.swift */,
				280752D72A22878100B00750 /* UserDateofBirth */,
				280752D62A22874E00B00750 /* UserNationality */,
				280752D52A2258E000B00750 /* UserContact */,
				280752D42A2258D500B00750 /* UserLocation */,
			);
			path = CollectionViewCells;
			sourceTree = "<group>";
		};
		2857B24A2A22402100E8D38D /* CollectionViewHeader */ = {
			isa = PBXGroup;
			children = (
				280752EE2A22B17000B00750 /* UserHeaderModel.swift */,
				2857B24C2A22406500E8D38D /* UserProfileHeaderCollectionReusableView.xib */,
				2857B24B2A22406500E8D38D /* UserProfileHeaderCollectionReusableView.swift */,
			);
			path = CollectionViewHeader;
			sourceTree = "<group>";
		};
		2857B25F2A22586400E8D38D /* InformationView */ = {
			isa = PBXGroup;
			children = (
			);
			path = InformationView;
			sourceTree = "<group>";
		};
		28F0CD422A1FA7A70055B1EE = {
			isa = PBXGroup;
			children = (
				28F0CD4D2A1FA7A70055B1EE /* FacebookFriends */,
				28F0CD4C2A1FA7A70055B1EE /* Products */,
			);
			sourceTree = "<group>";
		};
		28F0CD4C2A1FA7A70055B1EE /* Products */ = {
			isa = PBXGroup;
			children = (
				28F0CD4B2A1FA7A70055B1EE /* FacebookFriends.app */,
			);
			name = Products;
			sourceTree = "<group>";
		};
		28F0CD4D2A1FA7A70055B1EE /* FacebookFriends */ = {
			isa = PBXGroup;
			children = (
				2857B2272A2137F100E8D38D /* Utils */,
				28F0CD722A1FAEA30055B1EE /* App */,
				28F0CD6E2A1FAE400055B1EE /* Service */,
				28F0CD6D2A1FAE350055B1EE /* Scenes */,
				28F0CD6F2A1FAE4B0055B1EE /* Helpers */,
				28F0CD712A1FAE890055B1EE /* Resources */,
				28F0CD702A1FAE740055B1EE /* SupportingFiles */,
			);
			path = FacebookFriends;
			sourceTree = "<group>";
		};
		28F0CD6D2A1FAE350055B1EE /* Scenes */ = {
			isa = PBXGroup;
			children = (
				2857B1F82A20395400E8D38D /* CustomViews */,
				28F0CDB42A2009AE0055B1EE /* LoginScreen */,
				28F0CDA82A2005E90055B1EE /* MainScreen */,
				2857B2302A216ED000E8D38D /* DetailScreen */,
			);
			path = Scenes;
			sourceTree = "<group>";
		};
		28F0CD6E2A1FAE400055B1EE /* Service */ = {
			isa = PBXGroup;
			children = (
				28F0CD9B2A1FB88D0055B1EE /* Base */,
				28F0CD9C2A1FB8920055B1EE /* Users */,
			);
			path = Service;
			sourceTree = "<group>";
		};
		28F0CD6F2A1FAE4B0055B1EE /* Helpers */ = {
			isa = PBXGroup;
			children = (
				280752E82A229ED200B00750 /* Date+.swift */,
				280752EA2A229F0500B00750 /* String.swift */,
				28F0CDD32A2019C00055B1EE /* UIView+.swift */,
				2857B1F62A202C6C00E8D38D /* UIColor+.swift */,
				2857B2012A20409E00E8D38D /* UITextField+.swift */,
				2857B2032A211E5600E8D38D /* UIViewController+.swift */,
				2857B2332A21713E00E8D38D /* UIImageView+.swift */,
				2857B2352A21789100E8D38D /* UITableView+.swift */,
				2857B2392A2187D100E8D38D /* UIApplication+.swift */,
				2857B24F2A22489C00E8D38D /* UICollectionView+.swift */,
			);
			path = Helpers;
			sourceTree = "<group>";
		};
		28F0CD702A1FAE740055B1EE /* SupportingFiles */ = {
			isa = PBXGroup;
			children = (
				28F0CD5C2A1FA7A80055B1EE /* Info.plist */,
			);
			path = SupportingFiles;
			sourceTree = "<group>";
		};
		28F0CD712A1FAE890055B1EE /* Resources */ = {
			isa = PBXGroup;
			children = (
				280752F02A22E2E200B00750 /* EmailServicesEnum.swift */,
				2857B2592A2254E300E8D38D /* CountryCodeEnum.swift */,
				2857B1F92A20396000E8D38D /* Colors.swift */,
				28F0CD572A1FA7A80055B1EE /* Assets.xcassets */,
			);
			path = Resources;
			sourceTree = "<group>";
		};
		28F0CD722A1FAEA30055B1EE /* App */ = {
			isa = PBXGroup;
			children = (
				28F0CD4E2A1FA7A70055B1EE /* AppDelegate.swift */,
				28F0CD592A1FA7A80055B1EE /* LaunchScreen.storyboard */,
			);
			path = App;
			sourceTree = "<group>";
		};
		28F0CD782A1FAF280055B1EE /* Models */ = {
			isa = PBXGroup;
			children = (
				28F0CD9F2A1FB9D30055B1EE /* ResultsRequestModel */,
				28F0CD8A2A1FB1D90055B1EE /* ResultsResponseModel */,
				28F0CD8D2A1FB22A0055B1EE /* UsersResponseModel */,
				28F0CD8E2A1FB2340055B1EE /* InfoResponseModel */,
			);
			path = Models;
			sourceTree = "<group>";
		};
		28F0CD8A2A1FB1D90055B1EE /* ResultsResponseModel */ = {
			isa = PBXGroup;
			children = (
				28F0CD8B2A1FB1EA0055B1EE /* ResultsResponseModel.swift */,
			);
			path = ResultsResponseModel;
			sourceTree = "<group>";
		};
		28F0CD8D2A1FB22A0055B1EE /* UsersResponseModel */ = {
			isa = PBXGroup;
			children = (
				28F0CD8F2A1FB2490055B1EE /* SubModels */,
				28F0CD7D2A1FAFAF0055B1EE /* UserResponseModel.swift */,
			);
			path = UsersResponseModel;
			sourceTree = "<group>";
		};
		28F0CD8E2A1FB2340055B1EE /* InfoResponseModel */ = {
			isa = PBXGroup;
			children = (
				28F0CD7B2A1FAF5C0055B1EE /* InfoResponseModel.swift */,
			);
			path = InfoResponseModel;
			sourceTree = "<group>";
		};
		28F0CD8F2A1FB2490055B1EE /* SubModels */ = {
			isa = PBXGroup;
			children = (
				28F0CD7F2A1FB02F0055B1EE /* NameResponseModel.swift */,
				28F0CD822A1FB08E0055B1EE /* LocationResponseModel.swift */,
				28F0CD842A1FB0A30055B1EE /* StreetResponseModel.swift */,
				28F0CD862A1FB10C0055B1EE /* CoordinateResponseModel.swift */,
				28F0CD882A1FB1470055B1EE /* TimezoneResponseModel.swift */,
				28F0CD902A1FB2710055B1EE /* LoginResponseModel.swift */,
				28F0CD922A1FB2D60055B1EE /* RegisteredResponseModel.swift */,
				28F0CD942A1FB34B0055B1EE /* IDResponseModel.swift */,
				28F0CD962A1FB3890055B1EE /* PictureResponseModel.swift */,
			);
			path = SubModels;
			sourceTree = "<group>";
		};
		28F0CD9B2A1FB88D0055B1EE /* Base */ = {
			isa = PBXGroup;
			children = (
				28F0CD9D2A1FB8AC0055B1EE /* Service.swift */,
				28F0CDA22A1FBA4E0055B1EE /* NetworkRequestable.swift */,
				28F0CDA42A1FBAA90055B1EE /* BaseDecodable+.swift */,
				28F0CDA62A1FC1C00055B1EE /* Encodable+.swift */,
			);
			path = Base;
			sourceTree = "<group>";
		};
		28F0CD9C2A1FB8920055B1EE /* Users */ = {
			isa = PBXGroup;
			children = (
				28F0CD782A1FAF280055B1EE /* Models */,
				28F0CD742A1FAF1D0055B1EE /* UserProvider.swift */,
				28F0CD762A1FAF240055B1EE /* UserAPI.swift */,
			);
			path = Users;
			sourceTree = "<group>";
		};
		28F0CD9F2A1FB9D30055B1EE /* ResultsRequestModel */ = {
			isa = PBXGroup;
			children = (
				28F0CDA02A1FB9DF0055B1EE /* ResultsRequestModel.swift */,
			);
			path = ResultsRequestModel;
			sourceTree = "<group>";
		};
		28F0CDA82A2005E90055B1EE /* MainScreen */ = {
			isa = PBXGroup;
			children = (
				2857B2442A22364000E8D38D /* UserTableViewCell */,
				28F0CDAB2A2006010055B1EE /* MainScreenViewController.swift */,
				28F0CDA92A2005F90055B1EE /* MainScreenViewModel.swift */,
				28F0CDAD2A2006080055B1EE /* MainScreenRouter.swift */,
			);
			path = MainScreen;
			sourceTree = "<group>";
		};
		28F0CDB42A2009AE0055B1EE /* LoginScreen */ = {
			isa = PBXGroup;
			children = (
				28F0CDB72A2009EA0055B1EE /* LoginScreenViewController.xib */,
				28F0CDB62A2009EA0055B1EE /* LoginScreenViewController.swift */,
				2857B2252A21332500E8D38D /* LoginScreenViewModel.swift */,
				2857B22A2A215E9D00E8D38D /* LoginRouter.swift */,
			);
			path = LoginScreen;
			sourceTree = "<group>";
		};
		28F0CDB52A2009B40055B1EE /* SlidingTextfield */ = {
			isa = PBXGroup;
			children = (
				28F0CDD72A201B3D0055B1EE /* SlidingTextField.xib */,
				28F0CDD52A201A200055B1EE /* SlidingTextField.swift */,
			);
			path = SlidingTextfield;
			sourceTree = "<group>";
		};
/* End PBXGroup section */

/* Begin PBXNativeTarget section */
		28F0CD4A2A1FA7A70055B1EE /* FacebookFriends */ = {
			isa = PBXNativeTarget;
			buildConfigurationList = 28F0CD5F2A1FA7A80055B1EE /* Build configuration list for PBXNativeTarget "FacebookFriends" */;
			buildPhases = (
				28F0CD472A1FA7A70055B1EE /* Sources */,
				28F0CD482A1FA7A70055B1EE /* Frameworks */,
				28F0CD492A1FA7A70055B1EE /* Resources */,
			);
			buildRules = (
			);
			dependencies = (
			);
			name = FacebookFriends;
			packageProductDependencies = (
				28F0CD632A1FA9C20055B1EE /* Alamofire */,
				28F0CD662A1FAAAD0055B1EE /* PromiseKit */,
				28F0CD692A1FAB770055B1EE /* Realm */,
				28F0CD6B2A1FAB770055B1EE /* RealmSwift */,
				28F0CD992A1FB7CE0055B1EE /* Kingfisher */,
			);
			productName = FacebookFriends;
			productReference = 28F0CD4B2A1FA7A70055B1EE /* FacebookFriends.app */;
			productType = "com.apple.product-type.application";
		};
/* End PBXNativeTarget section */

/* Begin PBXProject section */
		28F0CD432A1FA7A70055B1EE /* Project object */ = {
			isa = PBXProject;
			attributes = {
				BuildIndependentTargetsInParallel = 1;
				LastSwiftUpdateCheck = 1420;
				LastUpgradeCheck = 1420;
				TargetAttributes = {
					28F0CD4A2A1FA7A70055B1EE = {
						CreatedOnToolsVersion = 14.2;
					};
				};
			};
			buildConfigurationList = 28F0CD462A1FA7A70055B1EE /* Build configuration list for PBXProject "FacebookFriends" */;
			compatibilityVersion = "Xcode 14.0";
			developmentRegion = en;
			hasScannedForEncodings = 0;
			knownRegions = (
				en,
				Base,
			);
			mainGroup = 28F0CD422A1FA7A70055B1EE;
			packageReferences = (
				28F0CD622A1FA9C20055B1EE /* XCRemoteSwiftPackageReference "Alamofire" */,
				28F0CD652A1FAAAD0055B1EE /* XCRemoteSwiftPackageReference "PromiseKit" */,
				28F0CD682A1FAB770055B1EE /* XCRemoteSwiftPackageReference "realm-swift" */,
				28F0CD982A1FB7CE0055B1EE /* XCRemoteSwiftPackageReference "Kingfisher" */,
			);
			productRefGroup = 28F0CD4C2A1FA7A70055B1EE /* Products */;
			projectDirPath = "";
			projectRoot = "";
			targets = (
				28F0CD4A2A1FA7A70055B1EE /* FacebookFriends */,
			);
		};
/* End PBXProject section */

/* Begin PBXResourcesBuildPhase section */
		28F0CD492A1FA7A70055B1EE /* Resources */ = {
			isa = PBXResourcesBuildPhase;
			buildActionMask = 2147483647;
			files = (
				280752DB2A228E5D00B00750 /* UserNationalityCollectionViewCell.xib in Resources */,
				28F0CDD82A201B3D0055B1EE /* SlidingTextField.xib in Resources */,
				28F0CD5B2A1FA7A80055B1EE /* LaunchScreen.storyboard in Resources */,
				28F0CDB92A2009EA0055B1EE /* LoginScreenViewController.xib in Resources */,
				2857B24E2A22406500E8D38D /* UserProfileHeaderCollectionReusableView.xib in Resources */,
				2857B2542A224F3100E8D38D /* UserLocationCollectionViewCell.xib in Resources */,
				280752E52A22968C00B00750 /* UserContactCollectionViewCell.xib in Resources */,
				28F0CD582A1FA7A80055B1EE /* Assets.xcassets in Resources */,
				2857B2482A2236AC00E8D38D /* UserTableViewCell.xib in Resources */,
				280752E12A22933400B00750 /* UserDateofBirthCollectionViewCell.xib in Resources */,
			);
			runOnlyForDeploymentPostprocessing = 0;
		};
/* End PBXResourcesBuildPhase section */

/* Begin PBXSourcesBuildPhase section */
		28F0CD472A1FA7A70055B1EE /* Sources */ = {
			isa = PBXSourcesBuildPhase;
			buildActionMask = 2147483647;
			files = (
				28F0CD7C2A1FAF5C0055B1EE /* InfoResponseModel.swift in Sources */,
				2857B1FA2A20396000E8D38D /* Colors.swift in Sources */,
				28F0CDAA2A2005F90055B1EE /* MainScreenViewModel.swift in Sources */,
				28F0CD972A1FB3890055B1EE /* PictureResponseModel.swift in Sources */,
				2857B2502A22489C00E8D38D /* UICollectionView+.swift in Sources */,
				280752ED2A22A56000B00750 /* UserContactModel.swift in Sources */,
				28F0CD802A1FB02F0055B1EE /* NameResponseModel.swift in Sources */,
				28F0CD932A1FB2D60055B1EE /* RegisteredResponseModel.swift in Sources */,
				28F0CD872A1FB10C0055B1EE /* CoordinateResponseModel.swift in Sources */,
				28F0CD912A1FB2710055B1EE /* LoginResponseModel.swift in Sources */,
				280752E92A229ED200B00750 /* Date+.swift in Sources */,
				2857B2042A211E5600E8D38D /* UIViewController+.swift in Sources */,
				2857B2472A2236AC00E8D38D /* UserTableViewCell.swift in Sources */,
				280752EB2A229F0500B00750 /* String.swift in Sources */,
				2857B2562A224F4300E8D38D /* DetailScreenViewModel.swift in Sources */,
				2857B23E2A2192F900E8D38D /* DetailScreenViewController.swift in Sources */,
				28F0CDA72A1FC1C00055B1EE /* Encodable+.swift in Sources */,
				28F0CD8C2A1FB1EA0055B1EE /* ResultsResponseModel.swift in Sources */,
				2857B1FD2A203BCC00E8D38D /* InsetLabel.swift in Sources */,
				2857B2262A21332500E8D38D /* LoginScreenViewModel.swift in Sources */,
				2857B22B2A215E9D00E8D38D /* LoginRouter.swift in Sources */,
				280752DA2A228E5D00B00750 /* UserNationalityCollectionViewCell.swift in Sources */,
				280752EF2A22B17000B00750 /* UserHeaderModel.swift in Sources */,
				28F0CDA12A1FB9DF0055B1EE /* ResultsRequestModel.swift in Sources */,
				28F0CD772A1FAF240055B1EE /* UserAPI.swift in Sources */,
				2857B2342A21713E00E8D38D /* UIImageView+.swift in Sources */,
				2857B25A2A2254E300E8D38D /* CountryCodeEnum.swift in Sources */,
				280752E42A22968C00B00750 /* UserContactCollectionViewCell.swift in Sources */,
				28F0CD892A1FB1470055B1EE /* TimezoneResponseModel.swift in Sources */,
				28F0CD952A1FB34B0055B1EE /* IDResponseModel.swift in Sources */,
				2857B2582A224F4B00E8D38D /* DetailScreenRouter.swift in Sources */,
				2857B22F2A215FD200E8D38D /* ScreenBuilder.swift in Sources */,
				28F0CDD42A2019C00055B1EE /* UIView+.swift in Sources */,
				28F0CDAC2A2006010055B1EE /* MainScreenViewController.swift in Sources */,
				28F0CDAE2A2006080055B1EE /* MainScreenRouter.swift in Sources */,
				2857B23A2A2187D100E8D38D /* UIApplication+.swift in Sources */,
				28F0CD9E2A1FB8AC0055B1EE /* Service.swift in Sources */,
				28F0CDA32A1FBA4E0055B1EE /* NetworkRequestable.swift in Sources */,
				28F0CD7E2A1FAFAF0055B1EE /* UserResponseModel.swift in Sources */,
				280752F12A22E2E200B00750 /* EmailServicesEnum.swift in Sources */,
				28F0CD752A1FAF1D0055B1EE /* UserProvider.swift in Sources */,
				28F0CDA52A1FBAA90055B1EE /* BaseDecodable+.swift in Sources */,
				280752E02A22933400B00750 /* UserDateofBirthCollectionViewCell.swift in Sources */,
				28F0CD4F2A1FA7A70055B1EE /* AppDelegate.swift in Sources */,
				28F0CDD62A201A200055B1EE /* SlidingTextField.swift in Sources */,
				28F0CD832A1FB08E0055B1EE /* LocationResponseModel.swift in Sources */,
				2857B1F72A202C6C00E8D38D /* UIColor+.swift in Sources */,
				2857B23C2A218FBE00E8D38D /* BaseRefreshControl.swift in Sources */,
				280752DD2A228EA900B00750 /* UserCollectionViewCellContract.swift in Sources */,
				2857B2362A21789100E8D38D /* UITableView+.swift in Sources */,
				2857B22D2A215ED300E8D38D /* BaseRoutingProtocol.swift in Sources */,
				2857B2292A21382B00E8D38D /* Observable.swift in Sources */,
				2857B24D2A22406500E8D38D /* UserProfileHeaderCollectionReusableView.swift in Sources */,
				28F0CDB82A2009EA0055B1EE /* LoginScreenViewController.swift in Sources */,
				28F0CD852A1FB0A30055B1EE /* StreetResponseModel.swift in Sources */,
				2857B2022A20409E00E8D38D /* UITextField+.swift in Sources */,
				2857B2532A224F3100E8D38D /* UserLocationCollectionViewCell.swift in Sources */,
				2857B2322A216F0800E8D38D /* Populatable.swift in Sources */,
			);
			runOnlyForDeploymentPostprocessing = 0;
		};
/* End PBXSourcesBuildPhase section */

/* Begin PBXVariantGroup section */
		28F0CD592A1FA7A80055B1EE /* LaunchScreen.storyboard */ = {
			isa = PBXVariantGroup;
			children = (
				28F0CD5A2A1FA7A80055B1EE /* Base */,
			);
			name = LaunchScreen.storyboard;
			sourceTree = "<group>";
		};
/* End PBXVariantGroup section */

/* Begin XCBuildConfiguration section */
		28F0CD5D2A1FA7A80055B1EE /* Debug */ = {
			isa = XCBuildConfiguration;
			buildSettings = {
				ALWAYS_SEARCH_USER_PATHS = NO;
				CLANG_ANALYZER_NONNULL = YES;
				CLANG_ANALYZER_NUMBER_OBJECT_CONVERSION = YES_AGGRESSIVE;
				CLANG_CXX_LANGUAGE_STANDARD = "gnu++20";
				CLANG_ENABLE_MODULES = YES;
				CLANG_ENABLE_OBJC_ARC = YES;
				CLANG_ENABLE_OBJC_WEAK = YES;
				CLANG_WARN_BLOCK_CAPTURE_AUTORELEASING = YES;
				CLANG_WARN_BOOL_CONVERSION = YES;
				CLANG_WARN_COMMA = YES;
				CLANG_WARN_CONSTANT_CONVERSION = YES;
				CLANG_WARN_DEPRECATED_OBJC_IMPLEMENTATIONS = YES;
				CLANG_WARN_DIRECT_OBJC_ISA_USAGE = YES_ERROR;
				CLANG_WARN_DOCUMENTATION_COMMENTS = YES;
				CLANG_WARN_EMPTY_BODY = YES;
				CLANG_WARN_ENUM_CONVERSION = YES;
				CLANG_WARN_INFINITE_RECURSION = YES;
				CLANG_WARN_INT_CONVERSION = YES;
				CLANG_WARN_NON_LITERAL_NULL_CONVERSION = YES;
				CLANG_WARN_OBJC_IMPLICIT_RETAIN_SELF = YES;
				CLANG_WARN_OBJC_LITERAL_CONVERSION = YES;
				CLANG_WARN_OBJC_ROOT_CLASS = YES_ERROR;
				CLANG_WARN_QUOTED_INCLUDE_IN_FRAMEWORK_HEADER = YES;
				CLANG_WARN_RANGE_LOOP_ANALYSIS = YES;
				CLANG_WARN_STRICT_PROTOTYPES = YES;
				CLANG_WARN_SUSPICIOUS_MOVE = YES;
				CLANG_WARN_UNGUARDED_AVAILABILITY = YES_AGGRESSIVE;
				CLANG_WARN_UNREACHABLE_CODE = YES;
				CLANG_WARN__DUPLICATE_METHOD_MATCH = YES;
				COPY_PHASE_STRIP = NO;
				DEBUG_INFORMATION_FORMAT = dwarf;
				ENABLE_STRICT_OBJC_MSGSEND = YES;
				ENABLE_TESTABILITY = YES;
				GCC_C_LANGUAGE_STANDARD = gnu11;
				GCC_DYNAMIC_NO_PIC = NO;
				GCC_NO_COMMON_BLOCKS = YES;
				GCC_OPTIMIZATION_LEVEL = 0;
				GCC_PREPROCESSOR_DEFINITIONS = (
					"DEBUG=1",
					"$(inherited)",
				);
				GCC_WARN_64_TO_32_BIT_CONVERSION = YES;
				GCC_WARN_ABOUT_RETURN_TYPE = YES_ERROR;
				GCC_WARN_UNDECLARED_SELECTOR = YES;
				GCC_WARN_UNINITIALIZED_AUTOS = YES_AGGRESSIVE;
				GCC_WARN_UNUSED_FUNCTION = YES;
				GCC_WARN_UNUSED_VARIABLE = YES;
				IPHONEOS_DEPLOYMENT_TARGET = 12.0;
				MTL_ENABLE_DEBUG_INFO = INCLUDE_SOURCE;
				MTL_FAST_MATH = YES;
				ONLY_ACTIVE_ARCH = YES;
				SDKROOT = iphoneos;
				SWIFT_ACTIVE_COMPILATION_CONDITIONS = DEBUG;
				SWIFT_OPTIMIZATION_LEVEL = "-Onone";
			};
			name = Debug;
		};
		28F0CD5E2A1FA7A80055B1EE /* Release */ = {
			isa = XCBuildConfiguration;
			buildSettings = {
				ALWAYS_SEARCH_USER_PATHS = NO;
				CLANG_ANALYZER_NONNULL = YES;
				CLANG_ANALYZER_NUMBER_OBJECT_CONVERSION = YES_AGGRESSIVE;
				CLANG_CXX_LANGUAGE_STANDARD = "gnu++20";
				CLANG_ENABLE_MODULES = YES;
				CLANG_ENABLE_OBJC_ARC = YES;
				CLANG_ENABLE_OBJC_WEAK = YES;
				CLANG_WARN_BLOCK_CAPTURE_AUTORELEASING = YES;
				CLANG_WARN_BOOL_CONVERSION = YES;
				CLANG_WARN_COMMA = YES;
				CLANG_WARN_CONSTANT_CONVERSION = YES;
				CLANG_WARN_DEPRECATED_OBJC_IMPLEMENTATIONS = YES;
				CLANG_WARN_DIRECT_OBJC_ISA_USAGE = YES_ERROR;
				CLANG_WARN_DOCUMENTATION_COMMENTS = YES;
				CLANG_WARN_EMPTY_BODY = YES;
				CLANG_WARN_ENUM_CONVERSION = YES;
				CLANG_WARN_INFINITE_RECURSION = YES;
				CLANG_WARN_INT_CONVERSION = YES;
				CLANG_WARN_NON_LITERAL_NULL_CONVERSION = YES;
				CLANG_WARN_OBJC_IMPLICIT_RETAIN_SELF = YES;
				CLANG_WARN_OBJC_LITERAL_CONVERSION = YES;
				CLANG_WARN_OBJC_ROOT_CLASS = YES_ERROR;
				CLANG_WARN_QUOTED_INCLUDE_IN_FRAMEWORK_HEADER = YES;
				CLANG_WARN_RANGE_LOOP_ANALYSIS = YES;
				CLANG_WARN_STRICT_PROTOTYPES = YES;
				CLANG_WARN_SUSPICIOUS_MOVE = YES;
				CLANG_WARN_UNGUARDED_AVAILABILITY = YES_AGGRESSIVE;
				CLANG_WARN_UNREACHABLE_CODE = YES;
				CLANG_WARN__DUPLICATE_METHOD_MATCH = YES;
				COPY_PHASE_STRIP = NO;
				DEBUG_INFORMATION_FORMAT = "dwarf-with-dsym";
				ENABLE_NS_ASSERTIONS = NO;
				ENABLE_STRICT_OBJC_MSGSEND = YES;
				GCC_C_LANGUAGE_STANDARD = gnu11;
				GCC_NO_COMMON_BLOCKS = YES;
				GCC_WARN_64_TO_32_BIT_CONVERSION = YES;
				GCC_WARN_ABOUT_RETURN_TYPE = YES_ERROR;
				GCC_WARN_UNDECLARED_SELECTOR = YES;
				GCC_WARN_UNINITIALIZED_AUTOS = YES_AGGRESSIVE;
				GCC_WARN_UNUSED_FUNCTION = YES;
				GCC_WARN_UNUSED_VARIABLE = YES;
				IPHONEOS_DEPLOYMENT_TARGET = 12.0;
				MTL_ENABLE_DEBUG_INFO = NO;
				MTL_FAST_MATH = YES;
				SDKROOT = iphoneos;
				SWIFT_COMPILATION_MODE = wholemodule;
				SWIFT_OPTIMIZATION_LEVEL = "-O";
				VALIDATE_PRODUCT = YES;
			};
			name = Release;
		};
		28F0CD602A1FA7A80055B1EE /* Debug */ = {
			isa = XCBuildConfiguration;
			buildSettings = {
				ASSETCATALOG_COMPILER_APPICON_NAME = AppIcon;
				ASSETCATALOG_COMPILER_GLOBAL_ACCENT_COLOR_NAME = AccentColor;
				CODE_SIGN_STYLE = Automatic;
				CURRENT_PROJECT_VERSION = 1;
				DEVELOPMENT_TEAM = VZJ488LWGZ;
				GENERATE_INFOPLIST_FILE = YES;
				INFOPLIST_FILE = FacebookFriends/SupportingFiles/Info.plist;
				INFOPLIST_KEY_UIApplicationSupportsIndirectInputEvents = YES;
				INFOPLIST_KEY_UILaunchStoryboardName = LaunchScreen;
				INFOPLIST_KEY_UISupportedInterfaceOrientations = UIInterfaceOrientationPortrait;
				IPHONEOS_DEPLOYMENT_TARGET = 12.0;
				LD_RUNPATH_SEARCH_PATHS = (
					"$(inherited)",
					"@executable_path/Frameworks",
				);
				MARKETING_VERSION = 1.0;
				PRODUCT_BUNDLE_IDENTIFIER = com.wamonuop.FacebookFriends;
				PRODUCT_NAME = "$(TARGET_NAME)";
				SUPPORTED_PLATFORMS = "iphoneos iphonesimulator";
				SUPPORTS_MACCATALYST = NO;
				SUPPORTS_MAC_DESIGNED_FOR_IPHONE_IPAD = NO;
				SWIFT_EMIT_LOC_STRINGS = YES;
				SWIFT_VERSION = 5.0;
				TARGETED_DEVICE_FAMILY = 1;
			};
			name = Debug;
		};
		28F0CD612A1FA7A80055B1EE /* Release */ = {
			isa = XCBuildConfiguration;
			buildSettings = {
				ASSETCATALOG_COMPILER_APPICON_NAME = AppIcon;
				ASSETCATALOG_COMPILER_GLOBAL_ACCENT_COLOR_NAME = AccentColor;
				CODE_SIGN_STYLE = Automatic;
				CURRENT_PROJECT_VERSION = 1;
				DEVELOPMENT_TEAM = VZJ488LWGZ;
				GENERATE_INFOPLIST_FILE = YES;
				INFOPLIST_FILE = FacebookFriends/SupportingFiles/Info.plist;
				INFOPLIST_KEY_UIApplicationSupportsIndirectInputEvents = YES;
				INFOPLIST_KEY_UILaunchStoryboardName = LaunchScreen;
				INFOPLIST_KEY_UISupportedInterfaceOrientations = UIInterfaceOrientationPortrait;
				IPHONEOS_DEPLOYMENT_TARGET = 12.0;
				LD_RUNPATH_SEARCH_PATHS = (
					"$(inherited)",
					"@executable_path/Frameworks",
				);
				MARKETING_VERSION = 1.0;
				PRODUCT_BUNDLE_IDENTIFIER = com.wamonuop.FacebookFriends;
				PRODUCT_NAME = "$(TARGET_NAME)";
				SUPPORTED_PLATFORMS = "iphoneos iphonesimulator";
				SUPPORTS_MACCATALYST = NO;
				SUPPORTS_MAC_DESIGNED_FOR_IPHONE_IPAD = NO;
				SWIFT_EMIT_LOC_STRINGS = YES;
				SWIFT_VERSION = 5.0;
				TARGETED_DEVICE_FAMILY = 1;
			};
			name = Release;
		};
/* End XCBuildConfiguration section */

/* Begin XCConfigurationList section */
		28F0CD462A1FA7A70055B1EE /* Build configuration list for PBXProject "FacebookFriends" */ = {
			isa = XCConfigurationList;
			buildConfigurations = (
				28F0CD5D2A1FA7A80055B1EE /* Debug */,
				28F0CD5E2A1FA7A80055B1EE /* Release */,
			);
			defaultConfigurationIsVisible = 0;
			defaultConfigurationName = Release;
		};
		28F0CD5F2A1FA7A80055B1EE /* Build configuration list for PBXNativeTarget "FacebookFriends" */ = {
			isa = XCConfigurationList;
			buildConfigurations = (
				28F0CD602A1FA7A80055B1EE /* Debug */,
				28F0CD612A1FA7A80055B1EE /* Release */,
			);
			defaultConfigurationIsVisible = 0;
			defaultConfigurationName = Release;
		};
/* End XCConfigurationList section */

/* Begin XCRemoteSwiftPackageReference section */
		28F0CD622A1FA9C20055B1EE /* XCRemoteSwiftPackageReference "Alamofire" */ = {
			isa = XCRemoteSwiftPackageReference;
			repositoryURL = "https://github.com/Alamofire/Alamofire.git";
			requirement = {
				kind = upToNextMajorVersion;
				minimumVersion = 5.0.0;
			};
		};
		28F0CD652A1FAAAD0055B1EE /* XCRemoteSwiftPackageReference "PromiseKit" */ = {
			isa = XCRemoteSwiftPackageReference;
			repositoryURL = "https://github.com/mxcl/PromiseKit";
			requirement = {
				kind = upToNextMajorVersion;
				minimumVersion = 6.0.0;
			};
		};
		28F0CD682A1FAB770055B1EE /* XCRemoteSwiftPackageReference "realm-swift" */ = {
			isa = XCRemoteSwiftPackageReference;
			repositoryURL = "https://github.com/realm/realm-swift.git";
			requirement = {
				kind = upToNextMajorVersion;
				minimumVersion = 10.39.0;
			};
		};
		28F0CD982A1FB7CE0055B1EE /* XCRemoteSwiftPackageReference "Kingfisher" */ = {
			isa = XCRemoteSwiftPackageReference;
			repositoryURL = "https://github.com/onevcat/Kingfisher.git";
			requirement = {
				kind = upToNextMajorVersion;
				minimumVersion = 7.0.0;
			};
		};
/* End XCRemoteSwiftPackageReference section */

/* Begin XCSwiftPackageProductDependency section */
		28F0CD632A1FA9C20055B1EE /* Alamofire */ = {
			isa = XCSwiftPackageProductDependency;
			package = 28F0CD622A1FA9C20055B1EE /* XCRemoteSwiftPackageReference "Alamofire" */;
			productName = Alamofire;
		};
		28F0CD662A1FAAAD0055B1EE /* PromiseKit */ = {
			isa = XCSwiftPackageProductDependency;
			package = 28F0CD652A1FAAAD0055B1EE /* XCRemoteSwiftPackageReference "PromiseKit" */;
			productName = PromiseKit;
		};
		28F0CD692A1FAB770055B1EE /* Realm */ = {
			isa = XCSwiftPackageProductDependency;
			package = 28F0CD682A1FAB770055B1EE /* XCRemoteSwiftPackageReference "realm-swift" */;
			productName = Realm;
		};
		28F0CD6B2A1FAB770055B1EE /* RealmSwift */ = {
			isa = XCSwiftPackageProductDependency;
			package = 28F0CD682A1FAB770055B1EE /* XCRemoteSwiftPackageReference "realm-swift" */;
			productName = RealmSwift;
		};
		28F0CD992A1FB7CE0055B1EE /* Kingfisher */ = {
			isa = XCSwiftPackageProductDependency;
			package = 28F0CD982A1FB7CE0055B1EE /* XCRemoteSwiftPackageReference "Kingfisher" */;
			productName = Kingfisher;
		};
/* End XCSwiftPackageProductDependency section */
	};
	rootObject = 28F0CD432A1FA7A70055B1EE /* Project object */;
}
